
Microsoft Visual Studio Solution File, Format Version 12.00
# Visual Studio Version 17
VisualStudioVersion = 17.10.35004.147
MinimumVisualStudioVersion = 10.0.40219.1
Project("{9A19103F-16F7-4668-BE54-9A1E7A4F7556}") = "MinistryForWidows", "MinistryForWidows\MinistryForWidows.csproj", "{BB1B2326-8413-432B-AAC4-4D22D28201C3}"
EndProject
Project("{9A19103F-16F7-4668-BE54-9A1E7A4F7556}") = "MinistryForWidows.Domain", "MinistryForWidows.Domain\MinistryForWidows.Domain.csproj", "{BF41E9E3-F8E7-4F50-8BFC-97125C375EAC}"
EndProject
Project("{9A19103F-16F7-4668-BE54-9A1E7A4F7556}") = "MinistryForWidows.Persistence", "MinistryForWidows.Persistence\MinistryForWidows.Persistence.csproj", "{234DA103-5926-4C3F-A512-7D252C2277CF}"
EndProject
Project("{FAE04EC0-301F-11D3-BF4B-00C04F79EFBC}") = "MinistryForWidows.Contracts", "MinistryForWidows.Contracts\MinistryForWidows.Contracts.csproj", "{491387A0-744B-4835-A37F-79554D8DF56A}"
EndProject
Global
	GlobalSection(SolutionConfigurationPlatforms) = preSolution
		Debug|Any CPU = Debug|Any CPU
		Release|Any CPU = Release|Any CPU
	EndGlobalSection
	GlobalSection(ProjectConfigurationPlatforms) = postSolution
		{BB1B2326-8413-432B-AAC4-4D22D28201C3}.Debug|Any CPU.ActiveCfg = Debug|Any CPU
		{BB1B2326-8413-432B-AAC4-4D22D28201C3}.Debug|Any CPU.Build.0 = Debug|Any CPU
		{BB1B2326-8413-432B-AAC4-4D22D28201C3}.Release|Any CPU.ActiveCfg = Release|Any CPU
		{BB1B2326-8413-432B-AAC4-4D22D28201C3}.Release|Any CPU.Build.0 = Release|Any CPU
		{BF41E9E3-F8E7-4F50-8BFC-97125C375EAC}.Debug|Any CPU.ActiveCfg = Debug|Any CPU
		{BF41E9E3-F8E7-4F50-8BFC-97125C375EAC}.Debug|Any CPU.Build.0 = Debug|Any CPU
		{BF41E9E3-F8E7-4F50-8BFC-97125C375EAC}.Release|Any CPU.ActiveCfg = Release|Any CPU
		{BF41E9E3-F8E7-4F50-8BFC-97125C375EAC}.Release|Any CPU.Build.0 = Release|Any CPU
		{234DA103-5926-4C3F-A512-7D252C2277CF}.Debug|Any CPU.ActiveCfg = Debug|Any CPU
		{234DA103-5926-4C3F-A512-7D252C2277CF}.Debug|Any CPU.Build.0 = Debug|Any CPU
		{234DA103-5926-4C3F-A512-7D252C2277CF}.Release|Any CPU.ActiveCfg = Release|Any CPU
		{234DA103-5926-4C3F-A512-7D252C2277CF}.Release|Any CPU.Build.0 = Release|Any CPU
		{491387A0-744B-4835-A37F-79554D8DF56A}.Debug|Any CPU.ActiveCfg = Debug|Any CPU
		{491387A0-744B-4835-A37F-79554D8DF56A}.Debug|Any CPU.Build.0 = Debug|Any CPU
		{491387A0-744B-4835-A37F-79554D8DF56A}.Release|Any CPU.ActiveCfg = Release|Any CPU
		{491387A0-744B-4835-A37F-79554D8DF56A}.Release|Any CPU.Build.0 = Release|Any CPU
	EndGlobalSection
	GlobalSection(SolutionProperties) = preSolution
		HideSolutionNode = FALSE
	EndGlobalSection
	GlobalSection(ExtensibilityGlobals) = postSolution
		SolutionGuid = {51F72D58-39BC-4B38-BE08-BD142BE2C5C5}
	EndGlobalSection
EndGlobal
